
Microsoft Visual Studio Solution File, Format Version 12.00
# Visual Studio 2012
Project("{FAE04EC0-301F-11D3-BF4B-00C04F79EFBC}") = "UUFile", "UUFile\UUFile.csproj", "{63F2E58B-67DD-40A2-A3A3-57AD5FF534AB}"
EndProject
Global
	GlobalSection(SolutionConfigurationPlatforms) = preSolution
		Debug|Any CPU = Debug|Any CPU
		Release|Any CPU = Release|Any CPU
	EndGlobalSection
	GlobalSection(ProjectConfigurationPlatforms) = postSolution
		{63F2E58B-67DD-40A2-A3A3-57AD5FF534AB}.Debug|Any CPU.ActiveCfg = Debug|Any CPU
		{63F2E58B-67DD-40A2-A3A3-57AD5FF534AB}.Debug|Any CPU.Build.0 = Debug|Any CPU
		{63F2E58B-67DD-40A2-A3A3-57AD5FF534AB}.Release|Any CPU.ActiveCfg = Release|Any CPU
		{63F2E58B-67DD-40A2-A3A3-57AD5FF534AB}.Release|Any CPU.Build.0 = Release|Any CPU
	EndGlobalSection
	GlobalSection(SolutionProperties) = preSolution
		HideSolutionNode = FALSE
	EndGlobalSection
EndGlobal
